
Microsoft Visual Studio Solution File, Format Version 12.00
# Visual Studio Version 17
VisualStudioVersion = 17.5.33530.505
MinimumVisualStudioVersion = 10.0.40219.1
Project("{FAE04EC0-301F-11D3-BF4B-00C04F79EFBC}") = "TeamSignUpModule", "TeamSignUpModule\TeamSignUpModule.csproj", "{D58572EA-5174-4C39-AFFD-C9565EA485BA}"
EndProject
Global
	GlobalSection(SolutionConfigurationPlatforms) = preSolution
		Debug|Any CPU = Debug|Any CPU
		Release|Any CPU = Release|Any CPU
	EndGlobalSection
	GlobalSection(ProjectConfigurationPlatforms) = postSolution
		{D58572EA-5174-4C39-AFFD-C9565EA485BA}.Debug|Any CPU.ActiveCfg = Debug|Any CPU
		{D58572EA-5174-4C39-AFFD-C9565EA485BA}.Debug|Any CPU.Build.0 = Debug|Any CPU
		{D58572EA-5174-4C39-AFFD-C9565EA485BA}.Release|Any CPU.ActiveCfg = Release|Any CPU
		{D58572EA-5174-4C39-AFFD-C9565EA485BA}.Release|Any CPU.Build.0 = Release|Any CPU
	EndGlobalSection
	GlobalSection(SolutionProperties) = preSolution
		HideSolutionNode = FALSE
	EndGlobalSection
	GlobalSection(ExtensibilityGlobals) = postSolution
		SolutionGuid = {EAF71D77-32B6-440D-8EF4-1C481DEF7C04}
	EndGlobalSection
EndGlobal
